// !$*UTF8*$!
{
	archiveVersion = 1;
	classes = {
	};
	objectVersion = 50;
	objects = {

/* Begin PBXBuildFile section */
		111BB3CCE34A0A7F04EC70F5 /* Pods_REST_CountriesTests.framework in Frameworks */ = {isa = PBXBuildFile; fileRef = 1C0F2907B0E968A56878ECB1 /* Pods_REST_CountriesTests.framework */; };
		138F9B97E6C5447D9C9ED5C7 /* Pods_REST_CountriesUITests.framework in Frameworks */ = {isa = PBXBuildFile; fileRef = C6AA4E777661F9571FCDA7F7 /* Pods_REST_CountriesUITests.framework */; };
		820443EA21FC854000DDE1DF /* NotificationCenter.framework in Frameworks */ = {isa = PBXBuildFile; fileRef = 820443D521FC830E00DDE1DF /* NotificationCenter.framework */; };
		820443ED21FC854000DDE1DF /* MyCountryViewController.swift in Sources */ = {isa = PBXBuildFile; fileRef = 820443EC21FC854000DDE1DF /* MyCountryViewController.swift */; };
		820443F021FC854000DDE1DF /* MainInterface.storyboard in Resources */ = {isa = PBXBuildFile; fileRef = 820443EE21FC854000DDE1DF /* MainInterface.storyboard */; };
		820443FD21FCDB3C00DDE1DF /* REST Countries Widget.appex in Embed App Extensions */ = {isa = PBXBuildFile; fileRef = 820443E921FC854000DDE1DF /* REST Countries Widget.appex */; settings = {ATTRIBUTES = (RemoveHeadersOnCopy, ); }; };
		8204441321FCEE0900DDE1DF /* ItemControl.swift in Sources */ = {isa = PBXBuildFile; fileRef = 8204441221FCEE0900DDE1DF /* ItemControl.swift */; };
		8204441721FCF6DB00DDE1DF /* FlagView.swift in Sources */ = {isa = PBXBuildFile; fileRef = 8204441621FCF6DB00DDE1DF /* FlagView.swift */; };
		821CFD6E21FDDED400B0B4F1 /* ModelsTests.swift in Sources */ = {isa = PBXBuildFile; fileRef = 821CFD6D21FDDED400B0B4F1 /* ModelsTests.swift */; };
		821CFD7021FDDFA300B0B4F1 /* MockService.swift in Sources */ = {isa = PBXBuildFile; fileRef = 821CFD6F21FDDFA300B0B4F1 /* MockService.swift */; };
		821CFD7221FDE00500B0B4F1 /* MockRequest.swift in Sources */ = {isa = PBXBuildFile; fileRef = 821CFD7121FDE00500B0B4F1 /* MockRequest.swift */; };
		821CFD7721FDE12000B0B4F1 /* my_country.json in Resources */ = {isa = PBXBuildFile; fileRef = 821CFD7621FDE12000B0B4F1 /* my_country.json */; };
		821CFD7A21FDE29F00B0B4F1 /* XCTestCase+GetTestData.swift in Sources */ = {isa = PBXBuildFile; fileRef = 821CFD7921FDE29F00B0B4F1 /* XCTestCase+GetTestData.swift */; };
		821CFD7C21FDE3A600B0B4F1 /* languages.json in Resources */ = {isa = PBXBuildFile; fileRef = 821CFD7B21FDE3A600B0B4F1 /* languages.json */; };
		821CFD8421FDE55C00B0B4F1 /* currency.json in Resources */ = {isa = PBXBuildFile; fileRef = 821CFD8321FDE55C00B0B4F1 /* currency.json */; };
		821CFD8621FDE56500B0B4F1 /* bad_data.json in Resources */ = {isa = PBXBuildFile; fileRef = 821CFD8521FDE56500B0B4F1 /* bad_data.json */; };
		821CFD8821FDE57200B0B4F1 /* regional_block.json in Resources */ = {isa = PBXBuildFile; fileRef = 821CFD8721FDE57200B0B4F1 /* regional_block.json */; };
		821CFD8C21FDE58700B0B4F1 /* country.json in Resources */ = {isa = PBXBuildFile; fileRef = 821CFD8B21FDE58700B0B4F1 /* country.json */; };
		821CFD9021FDE88F00B0B4F1 /* ViewModelTests.swift in Sources */ = {isa = PBXBuildFile; fileRef = 821CFD8F21FDE88F00B0B4F1 /* ViewModelTests.swift */; };
		821CFD9621FE468300B0B4F1 /* UIViewController+Alert.swift in Sources */ = {isa = PBXBuildFile; fileRef = 821CFD9521FE468300B0B4F1 /* UIViewController+Alert.swift */; };
		82D137BF21F7015800E60037 /* AppDelegate.swift in Sources */ = {isa = PBXBuildFile; fileRef = 82D137BE21F7015800E60037 /* AppDelegate.swift */; };
		82D137C121F7015800E60037 /* CountryViewController.swift in Sources */ = {isa = PBXBuildFile; fileRef = 82D137C021F7015800E60037 /* CountryViewController.swift */; };
		82D137C421F7015800E60037 /* Main.storyboard in Resources */ = {isa = PBXBuildFile; fileRef = 82D137C221F7015800E60037 /* Main.storyboard */; };
		82D137C621F7015A00E60037 /* Assets.xcassets in Resources */ = {isa = PBXBuildFile; fileRef = 82D137C521F7015A00E60037 /* Assets.xcassets */; };
		82D137C921F7015A00E60037 /* LaunchScreen.storyboard in Resources */ = {isa = PBXBuildFile; fileRef = 82D137C721F7015A00E60037 /* LaunchScreen.storyboard */; };
		82D137DF21F7015A00E60037 /* REST_CountriesUITests.swift in Sources */ = {isa = PBXBuildFile; fileRef = 82D137DE21F7015A00E60037 /* REST_CountriesUITests.swift */; };
		82D137FE21F7BF3400E60037 /* AskLocationPermissionViewController.swift in Sources */ = {isa = PBXBuildFile; fileRef = 82D137FD21F7BF3400E60037 /* AskLocationPermissionViewController.swift */; };
		82D1380121F7C23F00E60037 /* RoundButton.swift in Sources */ = {isa = PBXBuildFile; fileRef = 82D1380021F7C23F00E60037 /* RoundButton.swift */; };
		82D1380821F7C89E00E60037 /* UIViewController+Identifier.swift in Sources */ = {isa = PBXBuildFile; fileRef = 82D1380721F7C89E00E60037 /* UIViewController+Identifier.swift */; };
		82D1380C21F88EB200E60037 /* CountryCell.swift in Sources */ = {isa = PBXBuildFile; fileRef = 82D1380B21F88EB200E60037 /* CountryCell.swift */; };
		82E813ED21FF7F04006DA235 /* SearchScope.swift in Sources */ = {isa = PBXBuildFile; fileRef = 82E813EC21FF7F04006DA235 /* SearchScope.swift */; };
		82E8141121FF941B006DA235 /* REST_Countries_Framework.framework in Frameworks */ = {isa = PBXBuildFile; fileRef = 82E8141021FF941B006DA235 /* REST_Countries_Framework.framework */; };
		82E8141321FF941F006DA235 /* REST_Countries_Framework.framework in Embed Frameworks */ = {isa = PBXBuildFile; fileRef = 82E8141021FF941B006DA235 /* REST_Countries_Framework.framework */; settings = {ATTRIBUTES = (CodeSignOnCopy, RemoveHeadersOnCopy, ); }; };
		82E8141421FF942F006DA235 /* REST_Countries_Framework.framework in Frameworks */ = {isa = PBXBuildFile; fileRef = 82E8141021FF941B006DA235 /* REST_Countries_Framework.framework */; };
		82F5BDDF21FB5BFF00788E76 /* FlagCell.swift in Sources */ = {isa = PBXBuildFile; fileRef = 82F5BDDE21FB5BFF00788E76 /* FlagCell.swift */; };
		82FCBF3521F8A9430073C5AF /* Error.swift in Sources */ = {isa = PBXBuildFile; fileRef = 82FCBF3421F8A9430073C5AF /* Error.swift */; };
		82FCBF5121F8D8D50073C5AF /* NavigationController.swift in Sources */ = {isa = PBXBuildFile; fileRef = 82FCBF5021F8D8D50073C5AF /* NavigationController.swift */; };
		82FCBF5321F8DF7F0073C5AF /* SearchController.swift in Sources */ = {isa = PBXBuildFile; fileRef = 82FCBF5221F8DF7F0073C5AF /* SearchController.swift */; };
		82FCBF5521F9A9960073C5AF /* MyLocationViewController.swift in Sources */ = {isa = PBXBuildFile; fileRef = 82FCBF5421F9A9960073C5AF /* MyLocationViewController.swift */; };
		AB5B2FFEA55A67C277F557C9 /* Pods_REST_Countries.framework in Frameworks */ = {isa = PBXBuildFile; fileRef = C8D088FCD81429401C3A7D5D /* Pods_REST_Countries.framework */; };
		E7F8A8713DE45683C2C7315B /* Pods_REST_Countries_Widget.framework in Frameworks */ = {isa = PBXBuildFile; fileRef = AF9C7DAB2298879F4C701D65 /* Pods_REST_Countries_Widget.framework */; };
/* End PBXBuildFile section */

/* Begin PBXContainerItemProxy section */
		820443FE21FCDB3C00DDE1DF /* PBXContainerItemProxy */ = {
			isa = PBXContainerItemProxy;
			containerPortal = 82D137B321F7015800E60037 /* Project object */;
			proxyType = 1;
			remoteGlobalIDString = 820443E821FC854000DDE1DF;
			remoteInfo = "REST Countries Widget";
		};
		82D137D021F7015A00E60037 /* PBXContainerItemProxy */ = {
			isa = PBXContainerItemProxy;
			containerPortal = 82D137B321F7015800E60037 /* Project object */;
			proxyType = 1;
			remoteGlobalIDString = 82D137BA21F7015800E60037;
			remoteInfo = "REST Countries";
		};
		82D137DB21F7015A00E60037 /* PBXContainerItemProxy */ = {
			isa = PBXContainerItemProxy;
			containerPortal = 82D137B321F7015800E60037 /* Project object */;
			proxyType = 1;
			remoteGlobalIDString = 82D137BA21F7015800E60037;
			remoteInfo = "REST Countries";
		};
		82E8141821FF946A006DA235 /* PBXContainerItemProxy */ = {
			isa = PBXContainerItemProxy;
			containerPortal = 82E8140A21FF93AD006DA235 /* REST Countries Framework.xcodeproj */;
			proxyType = 2;
			remoteGlobalIDString = 82FE008821FF220F00340244;
			remoteInfo = "REST Countries Framework";
		};
/* End PBXContainerItemProxy section */

/* Begin PBXCopyFilesBuildPhase section */
		8204440021FCDB3C00DDE1DF /* Embed App Extensions */ = {
			isa = PBXCopyFilesBuildPhase;
			buildActionMask = 2147483647;
			dstPath = "";
			dstSubfolderSpec = 13;
			files = (
				820443FD21FCDB3C00DDE1DF /* REST Countries Widget.appex in Embed App Extensions */,
			);
			name = "Embed App Extensions";
			runOnlyForDeploymentPostprocessing = 0;
		};
		82E813F321FF8538006DA235 /* CopyFiles */ = {
			isa = PBXCopyFilesBuildPhase;
			buildActionMask = 2147483647;
			dstPath = "";
			dstSubfolderSpec = 10;
			files = (
			);
			runOnlyForDeploymentPostprocessing = 0;
		};
		82E813F721FF85C5006DA235 /* Embed Frameworks */ = {
			isa = PBXCopyFilesBuildPhase;
			buildActionMask = 2147483647;
			dstPath = "";
			dstSubfolderSpec = 10;
			files = (
				82E8141321FF941F006DA235 /* REST_Countries_Framework.framework in Embed Frameworks */,
			);
			name = "Embed Frameworks";
			runOnlyForDeploymentPostprocessing = 0;
		};
/* End PBXCopyFilesBuildPhase section */

/* Begin PBXFileReference section */
		09477E93FE7811B64CF9B8CD /* Pods-REST Countries Widget.release.xcconfig */ = {isa = PBXFileReference; includeInIndex = 1; lastKnownFileType = text.xcconfig; name = "Pods-REST Countries Widget.release.xcconfig"; path = "Pods/Target Support Files/Pods-REST Countries Widget/Pods-REST Countries Widget.release.xcconfig"; sourceTree = "<group>"; };
		1C0F2907B0E968A56878ECB1 /* Pods_REST_CountriesTests.framework */ = {isa = PBXFileReference; explicitFileType = wrapper.framework; includeInIndex = 0; path = Pods_REST_CountriesTests.framework; sourceTree = BUILT_PRODUCTS_DIR; };
		319A7B1B3DF6D7622ED0F68B /* Pods-REST Countries Widget.debug.xcconfig */ = {isa = PBXFileReference; includeInIndex = 1; lastKnownFileType = text.xcconfig; name = "Pods-REST Countries Widget.debug.xcconfig"; path = "Pods/Target Support Files/Pods-REST Countries Widget/Pods-REST Countries Widget.debug.xcconfig"; sourceTree = "<group>"; };
		74315BD31D6A11235F0E38D9 /* Pods-REST CountriesUITests.release.xcconfig */ = {isa = PBXFileReference; includeInIndex = 1; lastKnownFileType = text.xcconfig; name = "Pods-REST CountriesUITests.release.xcconfig"; path = "Pods/Target Support Files/Pods-REST CountriesUITests/Pods-REST CountriesUITests.release.xcconfig"; sourceTree = "<group>"; };
		820443D521FC830E00DDE1DF /* NotificationCenter.framework */ = {isa = PBXFileReference; lastKnownFileType = wrapper.framework; name = NotificationCenter.framework; path = System/Library/Frameworks/NotificationCenter.framework; sourceTree = SDKROOT; };
		820443E921FC854000DDE1DF /* REST Countries Widget.appex */ = {isa = PBXFileReference; explicitFileType = "wrapper.app-extension"; includeInIndex = 0; path = "REST Countries Widget.appex"; sourceTree = BUILT_PRODUCTS_DIR; };
		820443EC21FC854000DDE1DF /* MyCountryViewController.swift */ = {isa = PBXFileReference; lastKnownFileType = sourcecode.swift; path = MyCountryViewController.swift; sourceTree = "<group>"; };
		820443EF21FC854000DDE1DF /* Base */ = {isa = PBXFileReference; lastKnownFileType = file.storyboard; name = Base; path = Base.lproj/MainInterface.storyboard; sourceTree = "<group>"; };
		820443F121FC854000DDE1DF /* Info.plist */ = {isa = PBXFileReference; lastKnownFileType = text.plist.xml; path = Info.plist; sourceTree = "<group>"; };
		820443F921FCCAC400DDE1DF /* REST Countries.entitlements */ = {isa = PBXFileReference; lastKnownFileType = text.plist.entitlements; path = "REST Countries.entitlements"; sourceTree = "<group>"; };
		820443FA21FCCB0500DDE1DF /* REST Countries Widget.entitlements */ = {isa = PBXFileReference; lastKnownFileType = text.plist.entitlements; path = "REST Countries Widget.entitlements"; sourceTree = "<group>"; };
		8204441221FCEE0900DDE1DF /* ItemControl.swift */ = {isa = PBXFileReference; lastKnownFileType = sourcecode.swift; path = ItemControl.swift; sourceTree = "<group>"; };
		8204441621FCF6DB00DDE1DF /* FlagView.swift */ = {isa = PBXFileReference; lastKnownFileType = sourcecode.swift; path = FlagView.swift; sourceTree = "<group>"; };
		821CFD6D21FDDED400B0B4F1 /* ModelsTests.swift */ = {isa = PBXFileReference; lastKnownFileType = sourcecode.swift; path = ModelsTests.swift; sourceTree = "<group>"; };
		821CFD6F21FDDFA300B0B4F1 /* MockService.swift */ = {isa = PBXFileReference; lastKnownFileType = sourcecode.swift; path = MockService.swift; sourceTree = "<group>"; };
		821CFD7121FDE00500B0B4F1 /* MockRequest.swift */ = {isa = PBXFileReference; lastKnownFileType = sourcecode.swift; path = MockRequest.swift; sourceTree = "<group>"; };
		821CFD7621FDE12000B0B4F1 /* my_country.json */ = {isa = PBXFileReference; lastKnownFileType = text.json; path = my_country.json; sourceTree = "<group>"; };
		821CFD7921FDE29F00B0B4F1 /* XCTestCase+GetTestData.swift */ = {isa = PBXFileReference; lastKnownFileType = sourcecode.swift; path = "XCTestCase+GetTestData.swift"; sourceTree = "<group>"; };
		821CFD7B21FDE3A600B0B4F1 /* languages.json */ = {isa = PBXFileReference; lastKnownFileType = text.json; path = languages.json; sourceTree = "<group>"; };
		821CFD8321FDE55C00B0B4F1 /* currency.json */ = {isa = PBXFileReference; lastKnownFileType = text.json; path = currency.json; sourceTree = "<group>"; };
		821CFD8521FDE56500B0B4F1 /* bad_data.json */ = {isa = PBXFileReference; lastKnownFileType = text.json; path = bad_data.json; sourceTree = "<group>"; };
		821CFD8721FDE57200B0B4F1 /* regional_block.json */ = {isa = PBXFileReference; lastKnownFileType = text.json; path = regional_block.json; sourceTree = "<group>"; };
		821CFD8B21FDE58700B0B4F1 /* country.json */ = {isa = PBXFileReference; lastKnownFileType = text.json; path = country.json; sourceTree = "<group>"; };
		821CFD8F21FDE88F00B0B4F1 /* ViewModelTests.swift */ = {isa = PBXFileReference; lastKnownFileType = sourcecode.swift; path = ViewModelTests.swift; sourceTree = "<group>"; };
		821CFD9521FE468300B0B4F1 /* UIViewController+Alert.swift */ = {isa = PBXFileReference; lastKnownFileType = sourcecode.swift; path = "UIViewController+Alert.swift"; sourceTree = "<group>"; };
		82D137BB21F7015800E60037 /* REST Countries.app */ = {isa = PBXFileReference; explicitFileType = wrapper.application; includeInIndex = 0; path = "REST Countries.app"; sourceTree = BUILT_PRODUCTS_DIR; };
		82D137BE21F7015800E60037 /* AppDelegate.swift */ = {isa = PBXFileReference; lastKnownFileType = sourcecode.swift; path = AppDelegate.swift; sourceTree = "<group>"; };
		82D137C021F7015800E60037 /* CountryViewController.swift */ = {isa = PBXFileReference; lastKnownFileType = sourcecode.swift; path = CountryViewController.swift; sourceTree = "<group>"; };
		82D137C321F7015800E60037 /* Base */ = {isa = PBXFileReference; lastKnownFileType = file.storyboard; name = Base; path = Base.lproj/Main.storyboard; sourceTree = "<group>"; };
		82D137C521F7015A00E60037 /* Assets.xcassets */ = {isa = PBXFileReference; lastKnownFileType = folder.assetcatalog; path = Assets.xcassets; sourceTree = "<group>"; };
		82D137C821F7015A00E60037 /* Base */ = {isa = PBXFileReference; lastKnownFileType = file.storyboard; name = Base; path = Base.lproj/LaunchScreen.storyboard; sourceTree = "<group>"; };
		82D137CA21F7015A00E60037 /* Info.plist */ = {isa = PBXFileReference; lastKnownFileType = text.plist.xml; path = Info.plist; sourceTree = "<group>"; };
		82D137CF21F7015A00E60037 /* REST CountriesTests.xctest */ = {isa = PBXFileReference; explicitFileType = wrapper.cfbundle; includeInIndex = 0; path = "REST CountriesTests.xctest"; sourceTree = BUILT_PRODUCTS_DIR; };
		82D137D521F7015A00E60037 /* Info.plist */ = {isa = PBXFileReference; lastKnownFileType = text.plist.xml; path = Info.plist; sourceTree = "<group>"; };
		82D137DA21F7015A00E60037 /* REST CountriesUITests.xctest */ = {isa = PBXFileReference; explicitFileType = wrapper.cfbundle; includeInIndex = 0; path = "REST CountriesUITests.xctest"; sourceTree = BUILT_PRODUCTS_DIR; };
		82D137DE21F7015A00E60037 /* REST_CountriesUITests.swift */ = {isa = PBXFileReference; lastKnownFileType = sourcecode.swift; path = REST_CountriesUITests.swift; sourceTree = "<group>"; };
		82D137E021F7015A00E60037 /* Info.plist */ = {isa = PBXFileReference; lastKnownFileType = text.plist.xml; path = Info.plist; sourceTree = "<group>"; };
		82D137FD21F7BF3400E60037 /* AskLocationPermissionViewController.swift */ = {isa = PBXFileReference; lastKnownFileType = sourcecode.swift; path = AskLocationPermissionViewController.swift; sourceTree = "<group>"; };
		82D1380021F7C23F00E60037 /* RoundButton.swift */ = {isa = PBXFileReference; lastKnownFileType = sourcecode.swift; path = RoundButton.swift; sourceTree = "<group>"; };
		82D1380721F7C89E00E60037 /* UIViewController+Identifier.swift */ = {isa = PBXFileReference; lastKnownFileType = sourcecode.swift; path = "UIViewController+Identifier.swift"; sourceTree = "<group>"; };
		82D1380B21F88EB200E60037 /* CountryCell.swift */ = {isa = PBXFileReference; lastKnownFileType = sourcecode.swift; path = CountryCell.swift; sourceTree = "<group>"; };
		82E813EC21FF7F04006DA235 /* SearchScope.swift */ = {isa = PBXFileReference; lastKnownFileType = sourcecode.swift; path = SearchScope.swift; sourceTree = "<group>"; };
		82E8140A21FF93AD006DA235 /* REST Countries Framework.xcodeproj */ = {isa = PBXFileReference; lastKnownFileType = "wrapper.pb-project"; path = "REST Countries Framework.xcodeproj"; sourceTree = "<group>"; };
		82E8141021FF941B006DA235 /* REST_Countries_Framework.framework */ = {isa = PBXFileReference; explicitFileType = wrapper.framework; path = REST_Countries_Framework.framework; sourceTree = BUILT_PRODUCTS_DIR; };
		82F5BDDE21FB5BFF00788E76 /* FlagCell.swift */ = {isa = PBXFileReference; lastKnownFileType = sourcecode.swift; path = FlagCell.swift; sourceTree = "<group>"; };
		82FCBF3421F8A9430073C5AF /* Error.swift */ = {isa = PBXFileReference; lastKnownFileType = sourcecode.swift; path = Error.swift; sourceTree = "<group>"; };
		82FCBF5021F8D8D50073C5AF /* NavigationController.swift */ = {isa = PBXFileReference; lastKnownFileType = sourcecode.swift; path = NavigationController.swift; sourceTree = "<group>"; };
		82FCBF5221F8DF7F0073C5AF /* SearchController.swift */ = {isa = PBXFileReference; lastKnownFileType = sourcecode.swift; path = SearchController.swift; sourceTree = "<group>"; };
		82FCBF5421F9A9960073C5AF /* MyLocationViewController.swift */ = {isa = PBXFileReference; lastKnownFileType = sourcecode.swift; path = MyLocationViewController.swift; sourceTree = "<group>"; };
		8F79F1DFD9022B8C2703A150 /* Pods-REST CountriesTests.debug.xcconfig */ = {isa = PBXFileReference; includeInIndex = 1; lastKnownFileType = text.xcconfig; name = "Pods-REST CountriesTests.debug.xcconfig"; path = "Pods/Target Support Files/Pods-REST CountriesTests/Pods-REST CountriesTests.debug.xcconfig"; sourceTree = "<group>"; };
		9DB273819C3FB69D57C2EE30 /* Pods-REST CountriesUITests.debug.xcconfig */ = {isa = PBXFileReference; includeInIndex = 1; lastKnownFileType = text.xcconfig; name = "Pods-REST CountriesUITests.debug.xcconfig"; path = "Pods/Target Support Files/Pods-REST CountriesUITests/Pods-REST CountriesUITests.debug.xcconfig"; sourceTree = "<group>"; };
		AF9C7DAB2298879F4C701D65 /* Pods_REST_Countries_Widget.framework */ = {isa = PBXFileReference; explicitFileType = wrapper.framework; includeInIndex = 0; path = Pods_REST_Countries_Widget.framework; sourceTree = BUILT_PRODUCTS_DIR; };
		C6AA4E777661F9571FCDA7F7 /* Pods_REST_CountriesUITests.framework */ = {isa = PBXFileReference; explicitFileType = wrapper.framework; includeInIndex = 0; path = Pods_REST_CountriesUITests.framework; sourceTree = BUILT_PRODUCTS_DIR; };
		C8D088FCD81429401C3A7D5D /* Pods_REST_Countries.framework */ = {isa = PBXFileReference; explicitFileType = wrapper.framework; includeInIndex = 0; path = Pods_REST_Countries.framework; sourceTree = BUILT_PRODUCTS_DIR; };
		E41B53465D755E54FE4D4C46 /* Pods-REST Countries.debug.xcconfig */ = {isa = PBXFileReference; includeInIndex = 1; lastKnownFileType = text.xcconfig; name = "Pods-REST Countries.debug.xcconfig"; path = "Pods/Target Support Files/Pods-REST Countries/Pods-REST Countries.debug.xcconfig"; sourceTree = "<group>"; };
		E5DFC8A782087EB33E0C699F /* Pods-REST CountriesTests.release.xcconfig */ = {isa = PBXFileReference; includeInIndex = 1; lastKnownFileType = text.xcconfig; name = "Pods-REST CountriesTests.release.xcconfig"; path = "Pods/Target Support Files/Pods-REST CountriesTests/Pods-REST CountriesTests.release.xcconfig"; sourceTree = "<group>"; };
		EB3B21770C2386A4D2BB526C /* Pods-REST Countries.release.xcconfig */ = {isa = PBXFileReference; includeInIndex = 1; lastKnownFileType = text.xcconfig; name = "Pods-REST Countries.release.xcconfig"; path = "Pods/Target Support Files/Pods-REST Countries/Pods-REST Countries.release.xcconfig"; sourceTree = "<group>"; };
/* End PBXFileReference section */

/* Begin PBXFrameworksBuildPhase section */
		820443E621FC854000DDE1DF /* Frameworks */ = {
			isa = PBXFrameworksBuildPhase;
			buildActionMask = 2147483647;
			files = (
				82E8141421FF942F006DA235 /* REST_Countries_Framework.framework in Frameworks */,
				820443EA21FC854000DDE1DF /* NotificationCenter.framework in Frameworks */,
				E7F8A8713DE45683C2C7315B /* Pods_REST_Countries_Widget.framework in Frameworks */,
			);
			runOnlyForDeploymentPostprocessing = 0;
		};
		82D137B821F7015800E60037 /* Frameworks */ = {
			isa = PBXFrameworksBuildPhase;
			buildActionMask = 2147483647;
			files = (
				82E8141121FF941B006DA235 /* REST_Countries_Framework.framework in Frameworks */,
				AB5B2FFEA55A67C277F557C9 /* Pods_REST_Countries.framework in Frameworks */,
			);
			runOnlyForDeploymentPostprocessing = 0;
		};
		82D137CC21F7015A00E60037 /* Frameworks */ = {
			isa = PBXFrameworksBuildPhase;
			buildActionMask = 2147483647;
			files = (
				111BB3CCE34A0A7F04EC70F5 /* Pods_REST_CountriesTests.framework in Frameworks */,
			);
			runOnlyForDeploymentPostprocessing = 0;
		};
		82D137D721F7015A00E60037 /* Frameworks */ = {
			isa = PBXFrameworksBuildPhase;
			buildActionMask = 2147483647;
			files = (
				138F9B97E6C5447D9C9ED5C7 /* Pods_REST_CountriesUITests.framework in Frameworks */,
			);
			runOnlyForDeploymentPostprocessing = 0;
		};
/* End PBXFrameworksBuildPhase section */

/* Begin PBXGroup section */
		110E2CB40785E925F1FA22E2 /* Pods */ = {
			isa = PBXGroup;
			children = (
				E41B53465D755E54FE4D4C46 /* Pods-REST Countries.debug.xcconfig */,
				EB3B21770C2386A4D2BB526C /* Pods-REST Countries.release.xcconfig */,
				8F79F1DFD9022B8C2703A150 /* Pods-REST CountriesTests.debug.xcconfig */,
				E5DFC8A782087EB33E0C699F /* Pods-REST CountriesTests.release.xcconfig */,
				9DB273819C3FB69D57C2EE30 /* Pods-REST CountriesUITests.debug.xcconfig */,
				74315BD31D6A11235F0E38D9 /* Pods-REST CountriesUITests.release.xcconfig */,
				319A7B1B3DF6D7622ED0F68B /* Pods-REST Countries Widget.debug.xcconfig */,
				09477E93FE7811B64CF9B8CD /* Pods-REST Countries Widget.release.xcconfig */,
			);
			name = Pods;
			sourceTree = "<group>";
		};
		820443EB21FC854000DDE1DF /* REST Countries Widget */ = {
			isa = PBXGroup;
			children = (
				820443FA21FCCB0500DDE1DF /* REST Countries Widget.entitlements */,
				820443EC21FC854000DDE1DF /* MyCountryViewController.swift */,
				8204441221FCEE0900DDE1DF /* ItemControl.swift */,
				820443EE21FC854000DDE1DF /* MainInterface.storyboard */,
				820443F121FC854000DDE1DF /* Info.plist */,
			);
			path = "REST Countries Widget";
			sourceTree = "<group>";
		};
		821CFD7321FDE0E200B0B4F1 /* TestResources */ = {
			isa = PBXGroup;
			children = (
				821CFD7421FDE0F000B0B4F1 /* Good */,
				821CFD7521FDE0F800B0B4F1 /* Bad */,
			);
			path = TestResources;
			sourceTree = "<group>";
		};
		821CFD7421FDE0F000B0B4F1 /* Good */ = {
			isa = PBXGroup;
			children = (
				821CFD7621FDE12000B0B4F1 /* my_country.json */,
				821CFD7B21FDE3A600B0B4F1 /* languages.json */,
				821CFD8321FDE55C00B0B4F1 /* currency.json */,
				821CFD8721FDE57200B0B4F1 /* regional_block.json */,
				821CFD8B21FDE58700B0B4F1 /* country.json */,
			);
			path = Good;
			sourceTree = "<group>";
		};
		821CFD7521FDE0F800B0B4F1 /* Bad */ = {
			isa = PBXGroup;
			children = (
				821CFD8521FDE56500B0B4F1 /* bad_data.json */,
			);
			path = Bad;
			sourceTree = "<group>";
		};
		821CFD7821FDE27700B0B4F1 /* Extensions */ = {
			isa = PBXGroup;
			children = (
				821CFD7921FDE29F00B0B4F1 /* XCTestCase+GetTestData.swift */,
			);
			path = Extensions;
			sourceTree = "<group>";
		};
		82D137B221F7015800E60037 = {
			isa = PBXGroup;
			children = (
				82E8140A21FF93AD006DA235 /* REST Countries Framework.xcodeproj */,
				82D137BD21F7015800E60037 /* REST Countries */,
				82D137D221F7015A00E60037 /* REST CountriesTests */,
				82D137DD21F7015A00E60037 /* REST CountriesUITests */,
				820443EB21FC854000DDE1DF /* REST Countries Widget */,
				82D137BC21F7015800E60037 /* Products */,
				110E2CB40785E925F1FA22E2 /* Pods */,
				E300448E2D5E3F27F1564162 /* Frameworks */,
			);
			sourceTree = "<group>";
		};
		82D137BC21F7015800E60037 /* Products */ = {
			isa = PBXGroup;
			children = (
				82D137BB21F7015800E60037 /* REST Countries.app */,
				82D137CF21F7015A00E60037 /* REST CountriesTests.xctest */,
				82D137DA21F7015A00E60037 /* REST CountriesUITests.xctest */,
				820443E921FC854000DDE1DF /* REST Countries Widget.appex */,
			);
			name = Products;
			sourceTree = "<group>";
		};
		82D137BD21F7015800E60037 /* REST Countries */ = {
			isa = PBXGroup;
			children = (
				820443F921FCCAC400DDE1DF /* REST Countries.entitlements */,
				82D137BE21F7015800E60037 /* AppDelegate.swift */,
				82D137CA21F7015A00E60037 /* Info.plist */,
				82D1380A21F88EA000E60037 /* Views */,
				82D137EF21F7019800E60037 /* ViewControllers */,
				82D137EE21F7018800E60037 /* UserInterfaces */,
				82D137FF21F7C22500E60037 /* Utils */,
				82D137ED21F7017A00E60037 /* Resources */,
			);
			path = "REST Countries";
			sourceTree = "<group>";
		};
		82D137D221F7015A00E60037 /* REST CountriesTests */ = {
			isa = PBXGroup;
			children = (
				82D137D521F7015A00E60037 /* Info.plist */,
				821CFD6D21FDDED400B0B4F1 /* ModelsTests.swift */,
				821CFD8F21FDE88F00B0B4F1 /* ViewModelTests.swift */,
				821CFD6F21FDDFA300B0B4F1 /* MockService.swift */,
				821CFD7121FDE00500B0B4F1 /* MockRequest.swift */,
				821CFD7321FDE0E200B0B4F1 /* TestResources */,
				821CFD7821FDE27700B0B4F1 /* Extensions */,
			);
			path = "REST CountriesTests";
			sourceTree = "<group>";
		};
		82D137DD21F7015A00E60037 /* REST CountriesUITests */ = {
			isa = PBXGroup;
			children = (
				82D137DE21F7015A00E60037 /* REST_CountriesUITests.swift */,
				82D137E021F7015A00E60037 /* Info.plist */,
			);
			path = "REST CountriesUITests";
			sourceTree = "<group>";
		};
		82D137ED21F7017A00E60037 /* Resources */ = {
			isa = PBXGroup;
			children = (
				82D137C521F7015A00E60037 /* Assets.xcassets */,
			);
			path = Resources;
			sourceTree = "<group>";
		};
		82D137EE21F7018800E60037 /* UserInterfaces */ = {
			isa = PBXGroup;
			children = (
				82D137C221F7015800E60037 /* Main.storyboard */,
				82D137C721F7015A00E60037 /* LaunchScreen.storyboard */,
			);
			path = UserInterfaces;
			sourceTree = "<group>";
		};
		82D137EF21F7019800E60037 /* ViewControllers */ = {
			isa = PBXGroup;
			children = (
				82D137FD21F7BF3400E60037 /* AskLocationPermissionViewController.swift */,
				82D137C021F7015800E60037 /* CountryViewController.swift */,
				82FCBF5421F9A9960073C5AF /* MyLocationViewController.swift */,
			);
			path = ViewControllers;
			sourceTree = "<group>";
		};
		82D137FF21F7C22500E60037 /* Utils */ = {
			isa = PBXGroup;
			children = (
				82D1380221F7C43F00E60037 /* Extensions */,
				82D1380021F7C23F00E60037 /* RoundButton.swift */,
				82FCBF3421F8A9430073C5AF /* Error.swift */,
				82FCBF5021F8D8D50073C5AF /* NavigationController.swift */,
				82FCBF5221F8DF7F0073C5AF /* SearchController.swift */,
				82E813EC21FF7F04006DA235 /* SearchScope.swift */,
			);
			path = Utils;
			sourceTree = "<group>";
		};
		82D1380221F7C43F00E60037 /* Extensions */ = {
			isa = PBXGroup;
			children = (
				82D1380721F7C89E00E60037 /* UIViewController+Identifier.swift */,
				821CFD9521FE468300B0B4F1 /* UIViewController+Alert.swift */,
			);
			path = Extensions;
			sourceTree = "<group>";
		};
		82D1380A21F88EA000E60037 /* Views */ = {
			isa = PBXGroup;
			children = (
				82D1380B21F88EB200E60037 /* CountryCell.swift */,
				82F5BDDE21FB5BFF00788E76 /* FlagCell.swift */,
				8204441621FCF6DB00DDE1DF /* FlagView.swift */,
			);
			path = Views;
			sourceTree = "<group>";
		};
		82E8141521FF946A006DA235 /* Products */ = {
			isa = PBXGroup;
			children = (
				82E8141921FF946A006DA235 /* REST_Countries_Framework.framework */,
			);
			name = Products;
			sourceTree = "<group>";
		};
		E300448E2D5E3F27F1564162 /* Frameworks */ = {
			isa = PBXGroup;
			children = (
				82E8141021FF941B006DA235 /* REST_Countries_Framework.framework */,
				C8D088FCD81429401C3A7D5D /* Pods_REST_Countries.framework */,
				1C0F2907B0E968A56878ECB1 /* Pods_REST_CountriesTests.framework */,
				C6AA4E777661F9571FCDA7F7 /* Pods_REST_CountriesUITests.framework */,
				820443D521FC830E00DDE1DF /* NotificationCenter.framework */,
				AF9C7DAB2298879F4C701D65 /* Pods_REST_Countries_Widget.framework */,
			);
			name = Frameworks;
			sourceTree = "<group>";
		};
/* End PBXGroup section */

/* Begin PBXNativeTarget section */
		820443E821FC854000DDE1DF /* REST Countries Widget */ = {
			isa = PBXNativeTarget;
			buildConfigurationList = 820443F521FC854000DDE1DF /* Build configuration list for PBXNativeTarget "REST Countries Widget" */;
			buildPhases = (
				E6729B469565505B9AEB6679 /* [CP] Check Pods Manifest.lock */,
				820443E521FC854000DDE1DF /* Sources */,
				820443E621FC854000DDE1DF /* Frameworks */,
				820443E721FC854000DDE1DF /* Resources */,
				82E813F321FF8538006DA235 /* CopyFiles */,
			);
			buildRules = (
			);
			dependencies = (
			);
			name = "REST Countries Widget";
			productName = "REST Countries Widget";
			productReference = 820443E921FC854000DDE1DF /* REST Countries Widget.appex */;
			productType = "com.apple.product-type.app-extension";
		};
		82D137BA21F7015800E60037 /* REST Countries */ = {
			isa = PBXNativeTarget;
			buildConfigurationList = 82D137E321F7015A00E60037 /* Build configuration list for PBXNativeTarget "REST Countries" */;
			buildPhases = (
				B8B41C11EB7F6247C3771CF8 /* [CP] Check Pods Manifest.lock */,
				82D137B721F7015800E60037 /* Sources */,
				82D137B821F7015800E60037 /* Frameworks */,
				82D137B921F7015800E60037 /* Resources */,
				0CFCA08550B345F29B705837 /* [CP] Embed Pods Frameworks */,
				8204440021FCDB3C00DDE1DF /* Embed App Extensions */,
				82E813F721FF85C5006DA235 /* Embed Frameworks */,
			);
			buildRules = (
			);
			dependencies = (
				820443FF21FCDB3C00DDE1DF /* PBXTargetDependency */,
			);
			name = "REST Countries";
			productName = "REST Countries";
			productReference = 82D137BB21F7015800E60037 /* REST Countries.app */;
			productType = "com.apple.product-type.application";
		};
		82D137CE21F7015A00E60037 /* REST CountriesTests */ = {
			isa = PBXNativeTarget;
			buildConfigurationList = 82D137E621F7015A00E60037 /* Build configuration list for PBXNativeTarget "REST CountriesTests" */;
			buildPhases = (
				85036561C75EA9D3E5535D2A /* [CP] Check Pods Manifest.lock */,
				82D137CB21F7015A00E60037 /* Sources */,
				82D137CC21F7015A00E60037 /* Frameworks */,
				82D137CD21F7015A00E60037 /* Resources */,
			);
			buildRules = (
			);
			dependencies = (
				82D137D121F7015A00E60037 /* PBXTargetDependency */,
			);
			name = "REST CountriesTests";
			productName = "REST CountriesTests";
			productReference = 82D137CF21F7015A00E60037 /* REST CountriesTests.xctest */;
			productType = "com.apple.product-type.bundle.unit-test";
		};
		82D137D921F7015A00E60037 /* REST CountriesUITests */ = {
			isa = PBXNativeTarget;
			buildConfigurationList = 82D137E921F7015A00E60037 /* Build configuration list for PBXNativeTarget "REST CountriesUITests" */;
			buildPhases = (
				012AB3CAB73F2A6FA2A85817 /* [CP] Check Pods Manifest.lock */,
				82D137D621F7015A00E60037 /* Sources */,
				82D137D721F7015A00E60037 /* Frameworks */,
				82D137D821F7015A00E60037 /* Resources */,
			);
			buildRules = (
			);
			dependencies = (
				82D137DC21F7015A00E60037 /* PBXTargetDependency */,
			);
			name = "REST CountriesUITests";
			productName = "REST CountriesUITests";
			productReference = 82D137DA21F7015A00E60037 /* REST CountriesUITests.xctest */;
			productType = "com.apple.product-type.bundle.ui-testing";
		};
/* End PBXNativeTarget section */

/* Begin PBXProject section */
		82D137B321F7015800E60037 /* Project object */ = {
			isa = PBXProject;
			attributes = {
				LastSwiftUpdateCheck = 1010;
				LastUpgradeCheck = 1010;
				ORGANIZATIONNAME = "Cédric Rolland";
				TargetAttributes = {
					820443E821FC854000DDE1DF = {
						CreatedOnToolsVersion = 10.1;
						SystemCapabilities = {
							com.apple.ApplicationGroups.iOS = {
								enabled = 1;
							};
						};
					};
					82D137BA21F7015800E60037 = {
						CreatedOnToolsVersion = 10.1;
						SystemCapabilities = {
							com.apple.ApplicationGroups.iOS = {
								enabled = 1;
							};
						};
					};
					82D137CE21F7015A00E60037 = {
						CreatedOnToolsVersion = 10.1;
						TestTargetID = 82D137BA21F7015800E60037;
					};
					82D137D921F7015A00E60037 = {
						CreatedOnToolsVersion = 10.1;
						TestTargetID = 82D137BA21F7015800E60037;
					};
				};
			};
			buildConfigurationList = 82D137B621F7015800E60037 /* Build configuration list for PBXProject "REST Countries" */;
			compatibilityVersion = "Xcode 9.3";
			developmentRegion = en;
			hasScannedForEncodings = 0;
			knownRegions = (
				en,
				Base,
			);
			mainGroup = 82D137B221F7015800E60037;
			productRefGroup = 82D137BC21F7015800E60037 /* Products */;
			projectDirPath = "";
			projectReferences = (
				{
					ProductGroup = 82E8141521FF946A006DA235 /* Products */;
					ProjectRef = 82E8140A21FF93AD006DA235 /* REST Countries Framework.xcodeproj */;
				},
			);
			projectRoot = "";
			targets = (
				82D137BA21F7015800E60037 /* REST Countries */,
				820443E821FC854000DDE1DF /* REST Countries Widget */,
				82D137CE21F7015A00E60037 /* REST CountriesTests */,
				82D137D921F7015A00E60037 /* REST CountriesUITests */,
			);
		};
/* End PBXProject section */

/* Begin PBXReferenceProxy section */
		82E8141921FF946A006DA235 /* REST_Countries_Framework.framework */ = {
			isa = PBXReferenceProxy;
			fileType = wrapper.framework;
			path = REST_Countries_Framework.framework;
			remoteRef = 82E8141821FF946A006DA235 /* PBXContainerItemProxy */;
			sourceTree = BUILT_PRODUCTS_DIR;
		};
/* End PBXReferenceProxy section */

/* Begin PBXResourcesBuildPhase section */
		820443E721FC854000DDE1DF /* Resources */ = {
			isa = PBXResourcesBuildPhase;
			buildActionMask = 2147483647;
			files = (
				820443F021FC854000DDE1DF /* MainInterface.storyboard in Resources */,
			);
			runOnlyForDeploymentPostprocessing = 0;
		};
		82D137B921F7015800E60037 /* Resources */ = {
			isa = PBXResourcesBuildPhase;
			buildActionMask = 2147483647;
			files = (
				82D137C921F7015A00E60037 /* LaunchScreen.storyboard in Resources */,
				82D137C621F7015A00E60037 /* Assets.xcassets in Resources */,
				82D137C421F7015800E60037 /* Main.storyboard in Resources */,
			);
			runOnlyForDeploymentPostprocessing = 0;
		};
		82D137CD21F7015A00E60037 /* Resources */ = {
			isa = PBXResourcesBuildPhase;
			buildActionMask = 2147483647;
			files = (
				821CFD8C21FDE58700B0B4F1 /* country.json in Resources */,
				821CFD8421FDE55C00B0B4F1 /* currency.json in Resources */,
				821CFD8621FDE56500B0B4F1 /* bad_data.json in Resources */,
				821CFD8821FDE57200B0B4F1 /* regional_block.json in Resources */,
				821CFD7721FDE12000B0B4F1 /* my_country.json in Resources */,
				821CFD7C21FDE3A600B0B4F1 /* languages.json in Resources */,
			);
			runOnlyForDeploymentPostprocessing = 0;
		};
		82D137D821F7015A00E60037 /* Resources */ = {
			isa = PBXResourcesBuildPhase;
			buildActionMask = 2147483647;
			files = (
			);
			runOnlyForDeploymentPostprocessing = 0;
		};
/* End PBXResourcesBuildPhase section */

/* Begin PBXShellScriptBuildPhase section */
		012AB3CAB73F2A6FA2A85817 /* [CP] Check Pods Manifest.lock */ = {
			isa = PBXShellScriptBuildPhase;
			buildActionMask = 2147483647;
			files = (
			);
			inputFileListPaths = (
			);
			inputPaths = (
				"${PODS_PODFILE_DIR_PATH}/Podfile.lock",
				"${PODS_ROOT}/Manifest.lock",
			);
			name = "[CP] Check Pods Manifest.lock";
			outputFileListPaths = (
			);
			outputPaths = (
				"$(DERIVED_FILE_DIR)/Pods-REST CountriesUITests-checkManifestLockResult.txt",
			);
			runOnlyForDeploymentPostprocessing = 0;
			shellPath = /bin/sh;
			shellScript = "diff \"${PODS_PODFILE_DIR_PATH}/Podfile.lock\" \"${PODS_ROOT}/Manifest.lock\" > /dev/null\nif [ $? != 0 ] ; then\n    # print error to STDERR\n    echo \"error: The sandbox is not in sync with the Podfile.lock. Run 'pod install' or update your CocoaPods installation.\" >&2\n    exit 1\nfi\n# This output is used by Xcode 'outputs' to avoid re-running this script phase.\necho \"SUCCESS\" > \"${SCRIPT_OUTPUT_FILE_0}\"\n";
			showEnvVarsInLog = 0;
		};
		0CFCA08550B345F29B705837 /* [CP] Embed Pods Frameworks */ = {
			isa = PBXShellScriptBuildPhase;
			buildActionMask = 2147483647;
			files = (
			);
			inputFileListPaths = (
			);
			inputPaths = (
				"${SRCROOT}/Pods/Target Support Files/Pods-REST Countries/Pods-REST Countries-frameworks.sh",
				"${BUILT_PRODUCTS_DIR}/CocoaLumberjack/CocoaLumberjack.framework",
				"${BUILT_PRODUCTS_DIR}/SVGKit/SVGKit.framework",
			);
			name = "[CP] Embed Pods Frameworks";
			outputFileListPaths = (
			);
			outputPaths = (
				"${TARGET_BUILD_DIR}/${FRAMEWORKS_FOLDER_PATH}/CocoaLumberjack.framework",
				"${TARGET_BUILD_DIR}/${FRAMEWORKS_FOLDER_PATH}/SVGKit.framework",
			);
			runOnlyForDeploymentPostprocessing = 0;
			shellPath = /bin/sh;
			shellScript = "\"${SRCROOT}/Pods/Target Support Files/Pods-REST Countries/Pods-REST Countries-frameworks.sh\"\n";
			showEnvVarsInLog = 0;
		};
		85036561C75EA9D3E5535D2A /* [CP] Check Pods Manifest.lock */ = {
			isa = PBXShellScriptBuildPhase;
			buildActionMask = 2147483647;
			files = (
			);
			inputFileListPaths = (
			);
			inputPaths = (
				"${PODS_PODFILE_DIR_PATH}/Podfile.lock",
				"${PODS_ROOT}/Manifest.lock",
			);
			name = "[CP] Check Pods Manifest.lock";
			outputFileListPaths = (
			);
			outputPaths = (
				"$(DERIVED_FILE_DIR)/Pods-REST CountriesTests-checkManifestLockResult.txt",
			);
			runOnlyForDeploymentPostprocessing = 0;
			shellPath = /bin/sh;
			shellScript = "diff \"${PODS_PODFILE_DIR_PATH}/Podfile.lock\" \"${PODS_ROOT}/Manifest.lock\" > /dev/null\nif [ $? != 0 ] ; then\n    # print error to STDERR\n    echo \"error: The sandbox is not in sync with the Podfile.lock. Run 'pod install' or update your CocoaPods installation.\" >&2\n    exit 1\nfi\n# This output is used by Xcode 'outputs' to avoid re-running this script phase.\necho \"SUCCESS\" > \"${SCRIPT_OUTPUT_FILE_0}\"\n";
			showEnvVarsInLog = 0;
		};
		B8B41C11EB7F6247C3771CF8 /* [CP] Check Pods Manifest.lock */ = {
			isa = PBXShellScriptBuildPhase;
			buildActionMask = 2147483647;
			files = (
			);
			inputFileListPaths = (
			);
			inputPaths = (
				"${PODS_PODFILE_DIR_PATH}/Podfile.lock",
				"${PODS_ROOT}/Manifest.lock",
			);
			name = "[CP] Check Pods Manifest.lock";
			outputFileListPaths = (
			);
			outputPaths = (
				"$(DERIVED_FILE_DIR)/Pods-REST Countries-checkManifestLockResult.txt",
			);
			runOnlyForDeploymentPostprocessing = 0;
			shellPath = /bin/sh;
			shellScript = "diff \"${PODS_PODFILE_DIR_PATH}/Podfile.lock\" \"${PODS_ROOT}/Manifest.lock\" > /dev/null\nif [ $? != 0 ] ; then\n    # print error to STDERR\n    echo \"error: The sandbox is not in sync with the Podfile.lock. Run 'pod install' or update your CocoaPods installation.\" >&2\n    exit 1\nfi\n# This output is used by Xcode 'outputs' to avoid re-running this script phase.\necho \"SUCCESS\" > \"${SCRIPT_OUTPUT_FILE_0}\"\n";
			showEnvVarsInLog = 0;
		};
		E6729B469565505B9AEB6679 /* [CP] Check Pods Manifest.lock */ = {
			isa = PBXShellScriptBuildPhase;
			buildActionMask = 2147483647;
			files = (
			);
			inputFileListPaths = (
			);
			inputPaths = (
				"${PODS_PODFILE_DIR_PATH}/Podfile.lock",
				"${PODS_ROOT}/Manifest.lock",
			);
			name = "[CP] Check Pods Manifest.lock";
			outputFileListPaths = (
			);
			outputPaths = (
				"$(DERIVED_FILE_DIR)/Pods-REST Countries Widget-checkManifestLockResult.txt",
			);
			runOnlyForDeploymentPostprocessing = 0;
			shellPath = /bin/sh;
			shellScript = "diff \"${PODS_PODFILE_DIR_PATH}/Podfile.lock\" \"${PODS_ROOT}/Manifest.lock\" > /dev/null\nif [ $? != 0 ] ; then\n    # print error to STDERR\n    echo \"error: The sandbox is not in sync with the Podfile.lock. Run 'pod install' or update your CocoaPods installation.\" >&2\n    exit 1\nfi\n# This output is used by Xcode 'outputs' to avoid re-running this script phase.\necho \"SUCCESS\" > \"${SCRIPT_OUTPUT_FILE_0}\"\n";
			showEnvVarsInLog = 0;
		};
/* End PBXShellScriptBuildPhase section */

/* Begin PBXSourcesBuildPhase section */
		820443E521FC854000DDE1DF /* Sources */ = {
			isa = PBXSourcesBuildPhase;
			buildActionMask = 2147483647;
			files = (
				820443ED21FC854000DDE1DF /* MyCountryViewController.swift in Sources */,
				8204441321FCEE0900DDE1DF /* ItemControl.swift in Sources */,
			);
			runOnlyForDeploymentPostprocessing = 0;
		};
		82D137B721F7015800E60037 /* Sources */ = {
			isa = PBXSourcesBuildPhase;
			buildActionMask = 2147483647;
			files = (
				82F5BDDF21FB5BFF00788E76 /* FlagCell.swift in Sources */,
				82FCBF3521F8A9430073C5AF /* Error.swift in Sources */,
				82D1380121F7C23F00E60037 /* RoundButton.swift in Sources */,
				82FCBF5521F9A9960073C5AF /* MyLocationViewController.swift in Sources */,
				82D1380821F7C89E00E60037 /* UIViewController+Identifier.swift in Sources */,
				82D137C121F7015800E60037 /* CountryViewController.swift in Sources */,
				8204441721FCF6DB00DDE1DF /* FlagView.swift in Sources */,
				82FCBF5321F8DF7F0073C5AF /* SearchController.swift in Sources */,
				82D137FE21F7BF3400E60037 /* AskLocationPermissionViewController.swift in Sources */,
				82D1380C21F88EB200E60037 /* CountryCell.swift in Sources */,
				82E813ED21FF7F04006DA235 /* SearchScope.swift in Sources */,
				82FCBF5121F8D8D50073C5AF /* NavigationController.swift in Sources */,
				82D137BF21F7015800E60037 /* AppDelegate.swift in Sources */,
				821CFD9621FE468300B0B4F1 /* UIViewController+Alert.swift in Sources */,
			);
			runOnlyForDeploymentPostprocessing = 0;
		};
		82D137CB21F7015A00E60037 /* Sources */ = {
			isa = PBXSourcesBuildPhase;
			buildActionMask = 2147483647;
			files = (
				821CFD6E21FDDED400B0B4F1 /* ModelsTests.swift in Sources */,
				821CFD7021FDDFA300B0B4F1 /* MockService.swift in Sources */,
				821CFD7221FDE00500B0B4F1 /* MockRequest.swift in Sources */,
				821CFD7A21FDE29F00B0B4F1 /* XCTestCase+GetTestData.swift in Sources */,
				821CFD9021FDE88F00B0B4F1 /* ViewModelTests.swift in Sources */,
			);
			runOnlyForDeploymentPostprocessing = 0;
		};
		82D137D621F7015A00E60037 /* Sources */ = {
			isa = PBXSourcesBuildPhase;
			buildActionMask = 2147483647;
			files = (
				82D137DF21F7015A00E60037 /* REST_CountriesUITests.swift in Sources */,
			);
			runOnlyForDeploymentPostprocessing = 0;
		};
/* End PBXSourcesBuildPhase section */

/* Begin PBXTargetDependency section */
		820443FF21FCDB3C00DDE1DF /* PBXTargetDependency */ = {
			isa = PBXTargetDependency;
			target = 820443E821FC854000DDE1DF /* REST Countries Widget */;
			targetProxy = 820443FE21FCDB3C00DDE1DF /* PBXContainerItemProxy */;
		};
		82D137D121F7015A00E60037 /* PBXTargetDependency */ = {
			isa = PBXTargetDependency;
			target = 82D137BA21F7015800E60037 /* REST Countries */;
			targetProxy = 82D137D021F7015A00E60037 /* PBXContainerItemProxy */;
		};
		82D137DC21F7015A00E60037 /* PBXTargetDependency */ = {
			isa = PBXTargetDependency;
			target = 82D137BA21F7015800E60037 /* REST Countries */;
			targetProxy = 82D137DB21F7015A00E60037 /* PBXContainerItemProxy */;
		};
/* End PBXTargetDependency section */

/* Begin PBXVariantGroup section */
		820443EE21FC854000DDE1DF /* MainInterface.storyboard */ = {
			isa = PBXVariantGroup;
			children = (
				820443EF21FC854000DDE1DF /* Base */,
			);
			name = MainInterface.storyboard;
			sourceTree = "<group>";
		};
		82D137C221F7015800E60037 /* Main.storyboard */ = {
			isa = PBXVariantGroup;
			children = (
				82D137C321F7015800E60037 /* Base */,
			);
			name = Main.storyboard;
			sourceTree = "<group>";
		};
		82D137C721F7015A00E60037 /* LaunchScreen.storyboard */ = {
			isa = PBXVariantGroup;
			children = (
				82D137C821F7015A00E60037 /* Base */,
			);
			name = LaunchScreen.storyboard;
			sourceTree = "<group>";
		};
/* End PBXVariantGroup section */

/* Begin XCBuildConfiguration section */
		820443F621FC854000DDE1DF /* Debug */ = {
			isa = XCBuildConfiguration;
			baseConfigurationReference = 319A7B1B3DF6D7622ED0F68B /* Pods-REST Countries Widget.debug.xcconfig */;
			buildSettings = {
				APPLICATION_EXTENSION_API_ONLY = NO;
				CODE_SIGN_ENTITLEMENTS = "REST Countries Widget/REST Countries Widget.entitlements";
				CODE_SIGN_STYLE = Automatic;
				DEVELOPMENT_TEAM = 847P2LXN5F;
				FRAMEWORK_SEARCH_PATHS = (
					"$(inherited)",
					"$(PROJECT_DIR)/REST\\ Countries/Resources",
					"$(PROJECT_DIR)/REST\\ Countries/Resources",
					"$(PROJECT_DIR)/REST\\ Countries/Resources",
					"$(PROJECT_DIR)/REST\\ Countries/Resources",
				);
				INFOPLIST_FILE = "REST Countries Widget/Info.plist";
				LD_RUNPATH_SEARCH_PATHS = (
					"$(inherited)",
					"@executable_path/Frameworks",
					"@executable_path/../../Frameworks",
				);
				PRODUCT_BUNDLE_IDENTIFIER = eu.restcountries.RESTCountries.Widget;
				PRODUCT_NAME = "$(TARGET_NAME)";
				SKIP_INSTALL = YES;
				SWIFT_VERSION = 4.2;
				TARGETED_DEVICE_FAMILY = "1,2";
			};
			name = Debug;
		};
		820443F721FC854000DDE1DF /* Release */ = {
			isa = XCBuildConfiguration;
			baseConfigurationReference = 09477E93FE7811B64CF9B8CD /* Pods-REST Countries Widget.release.xcconfig */;
			buildSettings = {
				APPLICATION_EXTENSION_API_ONLY = NO;
				CODE_SIGN_ENTITLEMENTS = "REST Countries Widget/REST Countries Widget.entitlements";
				CODE_SIGN_STYLE = Automatic;
				DEVELOPMENT_TEAM = 847P2LXN5F;
				FRAMEWORK_SEARCH_PATHS = (
					"$(inherited)",
					"$(PROJECT_DIR)/REST\\ Countries/Resources",
					"$(PROJECT_DIR)/REST\\ Countries/Resources",
					"$(PROJECT_DIR)/REST\\ Countries/Resources",
					"$(PROJECT_DIR)/REST\\ Countries/Resources",
				);
				INFOPLIST_FILE = "REST Countries Widget/Info.plist";
				LD_RUNPATH_SEARCH_PATHS = (
					"$(inherited)",
					"@executable_path/Frameworks",
					"@executable_path/../../Frameworks",
				);
				PRODUCT_BUNDLE_IDENTIFIER = eu.restcountries.RESTCountries.Widget;
				PRODUCT_NAME = "$(TARGET_NAME)";
				SKIP_INSTALL = YES;
				SWIFT_VERSION = 4.2;
				TARGETED_DEVICE_FAMILY = "1,2";
			};
			name = Release;
		};
		82D137E121F7015A00E60037 /* Debug */ = {
			isa = XCBuildConfiguration;
			buildSettings = {
				ALWAYS_SEARCH_USER_PATHS = NO;
				CLANG_ANALYZER_NONNULL = YES;
				CLANG_ANALYZER_NUMBER_OBJECT_CONVERSION = YES_AGGRESSIVE;
				CLANG_CXX_LANGUAGE_STANDARD = "gnu++14";
				CLANG_CXX_LIBRARY = "libc++";
				CLANG_ENABLE_MODULES = YES;
				CLANG_ENABLE_OBJC_ARC = YES;
				CLANG_ENABLE_OBJC_WEAK = YES;
				CLANG_WARN_BLOCK_CAPTURE_AUTORELEASING = YES;
				CLANG_WARN_BOOL_CONVERSION = YES;
				CLANG_WARN_COMMA = YES;
				CLANG_WARN_CONSTANT_CONVERSION = YES;
				CLANG_WARN_DEPRECATED_OBJC_IMPLEMENTATIONS = YES;
				CLANG_WARN_DIRECT_OBJC_ISA_USAGE = YES_ERROR;
				CLANG_WARN_DOCUMENTATION_COMMENTS = YES;
				CLANG_WARN_EMPTY_BODY = YES;
				CLANG_WARN_ENUM_CONVERSION = YES;
				CLANG_WARN_INFINITE_RECURSION = YES;
				CLANG_WARN_INT_CONVERSION = YES;
				CLANG_WARN_NON_LITERAL_NULL_CONVERSION = YES;
				CLANG_WARN_OBJC_IMPLICIT_RETAIN_SELF = YES;
				CLANG_WARN_OBJC_LITERAL_CONVERSION = YES;
				CLANG_WARN_OBJC_ROOT_CLASS = YES_ERROR;
				CLANG_WARN_RANGE_LOOP_ANALYSIS = YES;
				CLANG_WARN_STRICT_PROTOTYPES = YES;
				CLANG_WARN_SUSPICIOUS_MOVE = YES;
				CLANG_WARN_UNGUARDED_AVAILABILITY = YES_AGGRESSIVE;
				CLANG_WARN_UNREACHABLE_CODE = YES;
				CLANG_WARN__DUPLICATE_METHOD_MATCH = YES;
				CODE_SIGN_IDENTITY = "iPhone Developer";
				COPY_PHASE_STRIP = NO;
				DEBUG_INFORMATION_FORMAT = dwarf;
				ENABLE_STRICT_OBJC_MSGSEND = YES;
				ENABLE_TESTABILITY = YES;
				GCC_C_LANGUAGE_STANDARD = gnu11;
				GCC_DYNAMIC_NO_PIC = NO;
				GCC_NO_COMMON_BLOCKS = YES;
				GCC_OPTIMIZATION_LEVEL = 0;
				GCC_PREPROCESSOR_DEFINITIONS = (
					"DEBUG=1",
					"$(inherited)",
				);
				GCC_WARN_64_TO_32_BIT_CONVERSION = YES;
				GCC_WARN_ABOUT_RETURN_TYPE = YES_ERROR;
				GCC_WARN_UNDECLARED_SELECTOR = YES;
				GCC_WARN_UNINITIALIZED_AUTOS = YES_AGGRESSIVE;
				GCC_WARN_UNUSED_FUNCTION = YES;
				GCC_WARN_UNUSED_VARIABLE = YES;
				IPHONEOS_DEPLOYMENT_TARGET = 12.1;
				MTL_ENABLE_DEBUG_INFO = INCLUDE_SOURCE;
				MTL_FAST_MATH = YES;
				ONLY_ACTIVE_ARCH = YES;
				SDKROOT = iphoneos;
				SWIFT_ACTIVE_COMPILATION_CONDITIONS = DEBUG;
				SWIFT_OPTIMIZATION_LEVEL = "-Onone";
			};
			name = Debug;
		};
		82D137E221F7015A00E60037 /* Release */ = {
			isa = XCBuildConfiguration;
			buildSettings = {
				ALWAYS_SEARCH_USER_PATHS = NO;
				CLANG_ANALYZER_NONNULL = YES;
				CLANG_ANALYZER_NUMBER_OBJECT_CONVERSION = YES_AGGRESSIVE;
				CLANG_CXX_LANGUAGE_STANDARD = "gnu++14";
				CLANG_CXX_LIBRARY = "libc++";
				CLANG_ENABLE_MODULES = YES;
				CLANG_ENABLE_OBJC_ARC = YES;
				CLANG_ENABLE_OBJC_WEAK = YES;
				CLANG_WARN_BLOCK_CAPTURE_AUTORELEASING = YES;
				CLANG_WARN_BOOL_CONVERSION = YES;
				CLANG_WARN_COMMA = YES;
				CLANG_WARN_CONSTANT_CONVERSION = YES;
				CLANG_WARN_DEPRECATED_OBJC_IMPLEMENTATIONS = YES;
				CLANG_WARN_DIRECT_OBJC_ISA_USAGE = YES_ERROR;
				CLANG_WARN_DOCUMENTATION_COMMENTS = YES;
				CLANG_WARN_EMPTY_BODY = YES;
				CLANG_WARN_ENUM_CONVERSION = YES;
				CLANG_WARN_INFINITE_RECURSION = YES;
				CLANG_WARN_INT_CONVERSION = YES;
				CLANG_WARN_NON_LITERAL_NULL_CONVERSION = YES;
				CLANG_WARN_OBJC_IMPLICIT_RETAIN_SELF = YES;
				CLANG_WARN_OBJC_LITERAL_CONVERSION = YES;
				CLANG_WARN_OBJC_ROOT_CLASS = YES_ERROR;
				CLANG_WARN_RANGE_LOOP_ANALYSIS = YES;
				CLANG_WARN_STRICT_PROTOTYPES = YES;
				CLANG_WARN_SUSPICIOUS_MOVE = YES;
				CLANG_WARN_UNGUARDED_AVAILABILITY = YES_AGGRESSIVE;
				CLANG_WARN_UNREACHABLE_CODE = YES;
				CLANG_WARN__DUPLICATE_METHOD_MATCH = YES;
				CODE_SIGN_IDENTITY = "iPhone Developer";
				COPY_PHASE_STRIP = NO;
				DEBUG_INFORMATION_FORMAT = "dwarf-with-dsym";
				ENABLE_NS_ASSERTIONS = NO;
				ENABLE_STRICT_OBJC_MSGSEND = YES;
				GCC_C_LANGUAGE_STANDARD = gnu11;
				GCC_NO_COMMON_BLOCKS = YES;
				GCC_WARN_64_TO_32_BIT_CONVERSION = YES;
				GCC_WARN_ABOUT_RETURN_TYPE = YES_ERROR;
				GCC_WARN_UNDECLARED_SELECTOR = YES;
				GCC_WARN_UNINITIALIZED_AUTOS = YES_AGGRESSIVE;
				GCC_WARN_UNUSED_FUNCTION = YES;
				GCC_WARN_UNUSED_VARIABLE = YES;
				IPHONEOS_DEPLOYMENT_TARGET = 12.1;
				MTL_ENABLE_DEBUG_INFO = NO;
				MTL_FAST_MATH = YES;
				SDKROOT = iphoneos;
				SWIFT_COMPILATION_MODE = wholemodule;
				SWIFT_OPTIMIZATION_LEVEL = "-O";
				VALIDATE_PRODUCT = YES;
			};
			name = Release;
		};
		82D137E421F7015A00E60037 /* Debug */ = {
			isa = XCBuildConfiguration;
			baseConfigurationReference = E41B53465D755E54FE4D4C46 /* Pods-REST Countries.debug.xcconfig */;
			buildSettings = {
				ALWAYS_EMBED_SWIFT_STANDARD_LIBRARIES = YES;
				ASSETCATALOG_COMPILER_APPICON_NAME = AppIcon;
				CODE_SIGN_ENTITLEMENTS = "REST Countries/REST Countries.entitlements";
				CODE_SIGN_STYLE = Automatic;
				DEVELOPMENT_TEAM = 847P2LXN5F;
				FRAMEWORK_SEARCH_PATHS = (
					"$(inherited)",
					"$(PROJECT_DIR)/REST\\ Countries/Resources",
					"$(PROJECT_DIR)/REST\\ Countries/Resources",
					"$(PROJECT_DIR)/REST\\ Countries/Resources",
					"$(PROJECT_DIR)/REST\\ Countries/Resources",
					"$(PROJECT_DIR)/REST\\ Countries/Resources",
					"$(PROJECT_DIR)/REST\\ Countries/Resources",
					"$(PROJECT_DIR)/REST\\ Countries/Resources",
					"$(PROJECT_DIR)/REST\\ Countries/Resources",
					"$(PROJECT_DIR)/REST\\ Countries/Resources",
					"$(PROJECT_DIR)/REST\\ Countries/Resources",
					"$(PROJECT_DIR)/REST\\ Countries/Resources",
					"$(PROJECT_DIR)/REST\\ Countries/Resources",
					"$(PROJECT_DIR)/REST\\ Countries/Resources",
					"$(PROJECT_DIR)/REST\\ Countries/Resources",
					"$(PROJECT_DIR)/REST\\ Countries/Resources",
					"$(PROJECT_DIR)/REST\\ Countries/Resources",
					"$(PROJECT_DIR)/REST\\ Countries/Resources",
					"$(PROJECT_DIR)/REST\\ Countries/Resources",
					"$(PROJECT_DIR)/REST\\ Countries/Resources",
					"$(PROJECT_DIR)/REST\\ Countries/Resources",
					"$(PROJECT_DIR)/REST\\ Countries/Resources",
					"$(PROJECT_DIR)/REST\\ Countries/Resources",
				);
				INFOPLIST_FILE = "REST Countries/Info.plist";
				LD_RUNPATH_SEARCH_PATHS = (
					"$(inherited)",
					"@executable_path/Frameworks",
				);
				PRODUCT_BUNDLE_IDENTIFIER = eu.restcountries.RESTCountries;
				PRODUCT_NAME = "$(TARGET_NAME)";
				SWIFT_VERSION = 4.2;
				TARGETED_DEVICE_FAMILY = "1,2";
			};
			name = Debug;
		};
		82D137E521F7015A00E60037 /* Release */ = {
			isa = XCBuildConfiguration;
			baseConfigurationReference = EB3B21770C2386A4D2BB526C /* Pods-REST Countries.release.xcconfig */;
			buildSettings = {
				ALWAYS_EMBED_SWIFT_STANDARD_LIBRARIES = YES;
				ASSETCATALOG_COMPILER_APPICON_NAME = AppIcon;
				CODE_SIGN_ENTITLEMENTS = "REST Countries/REST Countries.entitlements";
				CODE_SIGN_STYLE = Automatic;
				DEVELOPMENT_TEAM = 847P2LXN5F;
				FRAMEWORK_SEARCH_PATHS = (
					"$(inherited)",
					"$(PROJECT_DIR)/REST\\ Countries/Resources",
					"$(PROJECT_DIR)/REST\\ Countries/Resources",
					"$(PROJECT_DIR)/REST\\ Countries/Resources",
					"$(PROJECT_DIR)/REST\\ Countries/Resources",
					"$(PROJECT_DIR)/REST\\ Countries/Resources",
					"$(PROJECT_DIR)/REST\\ Countries/Resources",
					"$(PROJECT_DIR)/REST\\ Countries/Resources",
					"$(PROJECT_DIR)/REST\\ Countries/Resources",
					"$(PROJECT_DIR)/REST\\ Countries/Resources",
					"$(PROJECT_DIR)/REST\\ Countries/Resources",
					"$(PROJECT_DIR)/REST\\ Countries/Resources",
					"$(PROJECT_DIR)/REST\\ Countries/Resources",
					"$(PROJECT_DIR)/REST\\ Countries/Resources",
					"$(PROJECT_DIR)/REST\\ Countries/Resources",
					"$(PROJECT_DIR)/REST\\ Countries/Resources",
					"$(PROJECT_DIR)/REST\\ Countries/Resources",
					"$(PROJECT_DIR)/REST\\ Countries/Resources",
					"$(PROJECT_DIR)/REST\\ Countries/Resources",
					"$(PROJECT_DIR)/REST\\ Countries/Resources",
					"$(PROJECT_DIR)/REST\\ Countries/Resources",
					"$(PROJECT_DIR)/REST\\ Countries/Resources",
					"$(PROJECT_DIR)/REST\\ Countries/Resources",
				);
				INFOPLIST_FILE = "REST Countries/Info.plist";
				LD_RUNPATH_SEARCH_PATHS = (
					"$(inherited)",
					"@executable_path/Frameworks",
				);
				PRODUCT_BUNDLE_IDENTIFIER = eu.restcountries.RESTCountries;
				PRODUCT_NAME = "$(TARGET_NAME)";
				SWIFT_VERSION = 4.2;
				TARGETED_DEVICE_FAMILY = "1,2";
			};
			name = Release;
		};
		82D137E721F7015A00E60037 /* Debug */ = {
			isa = XCBuildConfiguration;
			baseConfigurationReference = 8F79F1DFD9022B8C2703A150 /* Pods-REST CountriesTests.debug.xcconfig */;
			buildSettings = {
				ALWAYS_EMBED_SWIFT_STANDARD_LIBRARIES = YES;
				BUNDLE_LOADER = "$(TEST_HOST)";
				CODE_SIGN_STYLE = Automatic;
				DEVELOPMENT_TEAM = 847P2LXN5F;
				INFOPLIST_FILE = "REST CountriesTests/Info.plist";
				LD_RUNPATH_SEARCH_PATHS = (
					"$(inherited)",
					"@executable_path/Frameworks",
					"@loader_path/Frameworks",
				);
				PRODUCT_BUNDLE_IDENTIFIER = "eu.restcountries.REST-CountriesTests";
				PRODUCT_NAME = "$(TARGET_NAME)";
				SWIFT_VERSION = 4.2;
				TARGETED_DEVICE_FAMILY = "1,2";
				TEST_HOST = "$(BUILT_PRODUCTS_DIR)/REST Countries.app/REST Countries";
			};
			name = Debug;
		};
		82D137E821F7015A00E60037 /* Release */ = {
			isa = XCBuildConfiguration;
			baseConfigurationReference = E5DFC8A782087EB33E0C699F /* Pods-REST CountriesTests.release.xcconfig */;
			buildSettings = {
				ALWAYS_EMBED_SWIFT_STANDARD_LIBRARIES = YES;
				BUNDLE_LOADER = "$(TEST_HOST)";
				CODE_SIGN_STYLE = Automatic;
				DEVELOPMENT_TEAM = 847P2LXN5F;
				INFOPLIST_FILE = "REST CountriesTests/Info.plist";
				LD_RUNPATH_SEARCH_PATHS = (
					"$(inherited)",
					"@executable_path/Frameworks",
					"@loader_path/Frameworks",
				);
				PRODUCT_BUNDLE_IDENTIFIER = "eu.restcountries.REST-CountriesTests";
				PRODUCT_NAME = "$(TARGET_NAME)";
				SWIFT_VERSION = 4.2;
				TARGETED_DEVICE_FAMILY = "1,2";
				TEST_HOST = "$(BUILT_PRODUCTS_DIR)/REST Countries.app/REST Countries";
			};
			name = Release;
		};
		82D137EA21F7015A00E60037 /* Debug */ = {
			isa = XCBuildConfiguration;
			baseConfigurationReference = 9DB273819C3FB69D57C2EE30 /* Pods-REST CountriesUITests.debug.xcconfig */;
			buildSettings = {
				ALWAYS_EMBED_SWIFT_STANDARD_LIBRARIES = YES;
				CODE_SIGN_STYLE = Automatic;
				DEVELOPMENT_TEAM = 847P2LXN5F;
				INFOPLIST_FILE = "REST CountriesUITests/Info.plist";
				LD_RUNPATH_SEARCH_PATHS = (
					"$(inherited)",
					"@executable_path/Frameworks",
					"@loader_path/Frameworks",
				);
				PRODUCT_BUNDLE_IDENTIFIER = "eu.restcountries.REST-CountriesUITests";
				PRODUCT_NAME = "$(TARGET_NAME)";
				SWIFT_VERSION = 4.2;
				TARGETED_DEVICE_FAMILY = "1,2";
				TEST_TARGET_NAME = "REST Countries";
			};
			name = Debug;
		};
		82D137EB21F7015A00E60037 /* Release */ = {
			isa = XCBuildConfiguration;
			baseConfigurationReference = 74315BD31D6A11235F0E38D9 /* Pods-REST CountriesUITests.release.xcconfig */;
			buildSettings = {
				ALWAYS_EMBED_SWIFT_STANDARD_LIBRARIES = YES;
				CODE_SIGN_STYLE = Automatic;
				DEVELOPMENT_TEAM = 847P2LXN5F;
				INFOPLIST_FILE = "REST CountriesUITests/Info.plist";
				LD_RUNPATH_SEARCH_PATHS = (
					"$(inherited)",
					"@executable_path/Frameworks",
					"@loader_path/Frameworks",
				);
				PRODUCT_BUNDLE_IDENTIFIER = "eu.restcountries.REST-CountriesUITests";
				PRODUCT_NAME = "$(TARGET_NAME)";
				SWIFT_VERSION = 4.2;
				TARGETED_DEVICE_FAMILY = "1,2";
				TEST_TARGET_NAME = "REST Countries";
			};
			name = Release;
		};
/* End XCBuildConfiguration section */

/* Begin XCConfigurationList section */
		820443F521FC854000DDE1DF /* Build configuration list for PBXNativeTarget "REST Countries Widget" */ = {
			isa = XCConfigurationList;
			buildConfigurations = (
				820443F621FC854000DDE1DF /* Debug */,
				820443F721FC854000DDE1DF /* Release */,
			);
			defaultConfigurationIsVisible = 0;
			defaultConfigurationName = Release;
		};
		82D137B621F7015800E60037 /* Build configuration list for PBXProject "REST Countries" */ = {
			isa = XCConfigurationList;
			buildConfigurations = (
				82D137E121F7015A00E60037 /* Debug */,
				82D137E221F7015A00E60037 /* Release */,
			);
			defaultConfigurationIsVisible = 0;
			defaultConfigurationName = Release;
		};
		82D137E321F7015A00E60037 /* Build configuration list for PBXNativeTarget "REST Countries" */ = {
			isa = XCConfigurationList;
			buildConfigurations = (
				82D137E421F7015A00E60037 /* Debug */,
				82D137E521F7015A00E60037 /* Release */,
			);
			defaultConfigurationIsVisible = 0;
			defaultConfigurationName = Release;
		};
		82D137E621F7015A00E60037 /* Build configuration list for PBXNativeTarget "REST CountriesTests" */ = {
			isa = XCConfigurationList;
			buildConfigurations = (
				82D137E721F7015A00E60037 /* Debug */,
				82D137E821F7015A00E60037 /* Release */,
			);
			defaultConfigurationIsVisible = 0;
			defaultConfigurationName = Release;
		};
		82D137E921F7015A00E60037 /* Build configuration list for PBXNativeTarget "REST CountriesUITests" */ = {
			isa = XCConfigurationList;
			buildConfigurations = (
				82D137EA21F7015A00E60037 /* Debug */,
				82D137EB21F7015A00E60037 /* Release */,
			);
			defaultConfigurationIsVisible = 0;
			defaultConfigurationName = Release;
		};
/* End XCConfigurationList section */
	};
	rootObject = 82D137B321F7015800E60037 /* Project object */;
}
